{
  "name": "flags",
  "lockfileVersion": 3,
  "requires": true,
  "packages": {
    "": {
      "dependencies": {
        "circle-flags": "^2.8.3"
      }
    },
    "node_modules/circle-flags": {
      "version": "2.8.3",
      "resolved": "https://registry.npmjs.org/circle-flags/-/circle-flags-2.8.3.tgz",
      "integrity": "sha512-62gm4tY7evXzNdLP+nFOzxEtCagbY4nSnrPNn/yOWFAvApvOWCAvyqL+NeLN+nfhGOGc4L+oSgEheqM3XE5w7g==",
      "license": "MIT"
    }
  }
}
